// !$*UTF8*$!
{
	archiveVersion = 1;
	classes = {
	};
	objectVersion = 50;
	objects = {

/* Begin PBXBuildFile section */
		31F7B6AB23DAE5FF0009E744 /* AppDelegate.swift in Sources */ = {isa = PBXBuildFile; fileRef = 31F7B6AA23DAE5FF0009E744 /* AppDelegate.swift */; };
		31F7B6AD23DAE5FF0009E744 /* SceneDelegate.swift in Sources */ = {isa = PBXBuildFile; fileRef = 31F7B6AC23DAE5FF0009E744 /* SceneDelegate.swift */; };
		31F7B6AF23DAE5FF0009E744 /* ViewController.swift in Sources */ = {isa = PBXBuildFile; fileRef = 31F7B6AE23DAE5FF0009E744 /* ViewController.swift */; };
		31F7B6B223DAE5FF0009E744 /* Main.storyboard in Resources */ = {isa = PBXBuildFile; fileRef = 31F7B6B023DAE5FF0009E744 /* Main.storyboard */; };
		31F7B6B423DAE6030009E744 /* Assets.xcassets in Resources */ = {isa = PBXBuildFile; fileRef = 31F7B6B323DAE6030009E744 /* Assets.xcassets */; };
		31F7B6B723DAE6030009E744 /* LaunchScreen.storyboard in Resources */ = {isa = PBXBuildFile; fileRef = 31F7B6B523DAE6030009E744 /* LaunchScreen.storyboard */; };
/* End PBXBuildFile section */

/* Begin PBXFileReference section */
		31F7B6A723DAE5FF0009E744 /* SwiftAlgemeneHerhaling.app */ = {isa = PBXFileReference; explicitFileType = wrapper.application; includeInIndex = 0; path = SwiftAlgemeneHerhaling.app; sourceTree = BUILT_PRODUCTS_DIR; };
		31F7B6AA23DAE5FF0009E744 /* AppDelegate.swift */ = {isa = PBXFileReference; lastKnownFileType = sourcecode.swift; path = AppDelegate.swift; sourceTree = "<group>"; };
		31F7B6AC23DAE5FF0009E744 /* SceneDelegate.swift */ = {isa = PBXFileReference; lastKnownFileType = sourcecode.swift; path = SceneDelegate.swift; sourceTree = "<group>"; };
		31F7B6AE23DAE5FF0009E744 /* ViewController.swift */ = {isa = PBXFileReference; lastKnownFileType = sourcecode.swift; path = ViewController.swift; sourceTree = "<group>"; };
		31F7B6B123DAE5FF0009E744 /* Base */ = {isa = PBXFileReference; lastKnownFileType = file.storyboard; name = Base; path = Base.lproj/Main.storyboard; sourceTree = "<group>"; };
		31F7B6B323DAE6030009E744 /* Assets.xcassets */ = {isa = PBXFileReference; lastKnownFileType = folder.assetcatalog; path = Assets.xcassets; sourceTree = "<group>"; };
		31F7B6B623DAE6030009E744 /* Base */ = {isa = PBXFileReference; lastKnownFileType = file.storyboard; name = Base; path = Base.lproj/LaunchScreen.storyboard; sourceTree = "<group>"; };
		31F7B6B823DAE6030009E744 /* Info.plist */ = {isa = PBXFileReference; lastKnownFileType = text.plist.xml; path = Info.plist; sourceTree = "<group>"; };
/* End PBXFileReference section */

/* Begin PBXFrameworksBuildPhase section */
		31F7B6A423DAE5FF0009E744 /* Frameworks */ = {
			isa = PBXFrameworksBuildPhase;
			buildActionMask = 2147483647;
			files = (
			);
			runOnlyForDeploymentPostprocessing = 0;
		};
/* End PBXFrameworksBuildPhase section */

/* Begin PBXGroup section */
		31F7B69E23DAE5FE0009E744 = {
			isa = PBXGroup;
			children = (
				31F7B6A923DAE5FF0009E744 /* SwiftAlgemeneHerhaling */,
				31F7B6A823DAE5FF0009E744 /* Products */,
			);
			sourceTree = "<group>";
		};
		31F7B6A823DAE5FF0009E744 /* Products */ = {
			isa = PBXGroup;
			children = (
				31F7B6A723DAE5FF0009E744 /* SwiftAlgemeneHerhaling.app */,
			);
			name = Products;
			sourceTree = "<group>";
		};
		31F7B6A923DAE5FF0009E744 /* SwiftAlgemeneHerhaling */ = {
			isa = PBXGroup;
			children = (
				31F7B6AA23DAE5FF0009E744 /* AppDelegate.swift */,
				31F7B6AC23DAE5FF0009E744 /* SceneDelegate.swift */,
				31F7B6AE23DAE5FF0009E744 /* ViewController.swift */,
				31F7B6B023DAE5FF0009E744 /* Main.storyboard */,
				31F7B6B323DAE6030009E744 /* Assets.xcassets */,
				31F7B6B523DAE6030009E744 /* LaunchScreen.storyboard */,
				31F7B6B823DAE6030009E744 /* Info.plist */,
			);
			path = SwiftAlgemeneHerhaling;
			sourceTree = "<group>";
		};
/* End PBXGroup section */

/* Begin PBXNativeTarget section */
		31F7B6A623DAE5FF0009E744 /* SwiftAlgemeneHerhaling */ = {
			isa = PBXNativeTarget;
			buildConfigurationList = 31F7B6BB23DAE6030009E744 /* Build configuration list for PBXNativeTarget "SwiftAlgemeneHerhaling" */;
			buildPhases = (
				31F7B6A323DAE5FF0009E744 /* Sources */,
				31F7B6A423DAE5FF0009E744 /* Frameworks */,
				31F7B6A523DAE5FF0009E744 /* Resources */,
			);
			buildRules = (
			);
			dependencies = (
			);
			name = SwiftAlgemeneHerhaling;
			productName = SwiftAlgemeneHerhaling;
			productReference = 31F7B6A723DAE5FF0009E744 /* SwiftAlgemeneHerhaling.app */;
			productType = "com.apple.product-type.application";
		};
/* End PBXNativeTarget section */

/* Begin PBXProject section */
		31F7B69F23DAE5FE0009E744 /* Project object */ = {
			isa = PBXProject;
			attributes = {
				LastSwiftUpdateCheck = 1130;
				LastUpgradeCheck = 1130;
				ORGANIZATIONNAME = mobapp15;
				TargetAttributes = {
					31F7B6A623DAE5FF0009E744 = {
						CreatedOnToolsVersion = 11.3;
					};
				};
			};
			buildConfigurationList = 31F7B6A223DAE5FE0009E744 /* Build configuration list for PBXProject "SwiftAlgemeneHerhaling" */;
			compatibilityVersion = "Xcode 9.3";
			developmentRegion = en;
			hasScannedForEncodings = 0;
			knownRegions = (
				en,
				Base,
			);
			mainGroup = 31F7B69E23DAE5FE0009E744;
			productRefGroup = 31F7B6A823DAE5FF0009E744 /* Products */;
			projectDirPath = "";
			projectRoot = "";
			targets = (
				31F7B6A623DAE5FF0009E744 /* SwiftAlgemeneHerhaling */,
			);
		};
/* End PBXProject section */

/* Begin PBXResourcesBuildPhase section */
		31F7B6A523DAE5FF0009E744 /* Resources */ = {
			isa = PBXResourcesBuildPhase;
			buildActionMask = 2147483647;
			files = (
				31F7B6B723DAE6030009E744 /* LaunchScreen.storyboard in Resources */,
				31F7B6B423DAE6030009E744 /* Assets.xcassets in Resources */,
				31F7B6B223DAE5FF0009E744 /* Main.storyboard in Resources */,
			);
			runOnlyForDeploymentPostprocessing = 0;
		};
/* End PBXResourcesBuildPhase section */

/* Begin PBXSourcesBuildPhase section */
		31F7B6A323DAE5FF0009E744 /* Sources */ = {
			isa = PBXSourcesBuildPhase;
			buildActionMask = 2147483647;
			files = (
				31F7B6AF23DAE5FF0009E744 /* ViewController.swift in Sources */,
				31F7B6AB23DAE5FF0009E744 /* AppDelegate.swift in Sources */,
				31F7B6AD23DAE5FF0009E744 /* SceneDelegate.swift in Sources */,
			);
			runOnlyForDeploymentPostprocessing = 0;
		};
/* End PBXSourcesBuildPhase section */

/* Begin PBXVariantGroup section */
		31F7B6B023DAE5FF0009E744 /* Main.storyboard */ = {
			isa = PBXVariantGroup;
			children = (
				31F7B6B123DAE5FF0009E744 /* Base */,
			);
			name = Main.storyboard;
			sourceTree = "<group>";
		};
		31F7B6B523DAE6030009E744 /* LaunchScreen.storyboard */ = {
			isa = PBXVariantGroup;
			children = (
				31F7B6B623DAE6030009E744 /* Base */,
			);
			name = LaunchScreen.storyboard;
			sourceTree = "<group>";
		};
/* End PBXVariantGroup section */

/* Begin XCBuildConfiguration section */
		31F7B6B923DAE6030009E744 /* Debug */ = {
			isa = XCBuildConfiguration;
			buildSettings = {
				ALWAYS_SEARCH_USER_PATHS = NO;
				CLANG_ANALYZER_NONNULL = YES;
				CLANG_ANALYZER_NUMBER_OBJECT_CONVERSION = YES_AGGRESSIVE;
				CLANG_CXX_LANGUAGE_STANDARD = "gnu++14";
				CLANG_CXX_LIBRARY = "libc++";
				CLANG_ENABLE_MODULES = YES;
				CLANG_ENABLE_OBJC_ARC = YES;
				CLANG_ENABLE_OBJC_WEAK = YES;
				CLANG_WARN_BLOCK_CAPTURE_AUTORELEASING = YES;
				CLANG_WARN_BOOL_CONVERSION = YES;
				CLANG_WARN_COMMA = YES;
				CLANG_WARN_CONSTANT_CONVERSION = YES;
				CLANG_WARN_DEPRECATED_OBJC_IMPLEMENTATIONS = YES;
				CLANG_WARN_DIRECT_OBJC_ISA_USAGE = YES_ERROR;
				CLANG_WARN_DOCUMENTATION_COMMENTS = YES;
				CLANG_WARN_EMPTY_BODY = YES;
				CLANG_WARN_ENUM_CONVERSION = YES;
				CLANG_WARN_INFINITE_RECURSION = YES;
				CLANG_WARN_INT_CONVERSION = YES;
				CLANG_WARN_NON_LITERAL_NULL_CONVERSION = YES;
				CLANG_WARN_OBJC_IMPLICIT_RETAIN_SELF = YES;
				CLANG_WARN_OBJC_LITERAL_CONVERSION = YES;
				CLANG_WARN_OBJC_ROOT_CLASS = YES_ERROR;
				CLANG_WARN_RANGE_LOOP_ANALYSIS = YES;
				CLANG_WARN_STRICT_PROTOTYPES = YES;
				CLANG_WARN_SUSPICIOUS_MOVE = YES;
				CLANG_WARN_UNGUARDED_AVAILABILITY = YES_AGGRESSIVE;
				CLANG_WARN_UNREACHABLE_CODE = YES;
				CLANG_WARN__DUPLICATE_METHOD_MATCH = YES;
				COPY_PHASE_STRIP = NO;
				DEBUG_INFORMATION_FORMAT = dwarf;
				ENABLE_STRICT_OBJC_MSGSEND = YES;
				ENABLE_TESTABILITY = YES;
				GCC_C_LANGUAGE_STANDARD = gnu11;
				GCC_DYNAMIC_NO_PIC = NO;
				GCC_NO_COMMON_BLOCKS = YES;
				GCC_OPTIMIZATION_LEVEL = 0;
				GCC_PREPROCESSOR_DEFINITIONS = (
					"DEBUG=1",
					"$(inherited)",
				);
				GCC_WARN_64_TO_32_BIT_CONVERSION = YES;
				GCC_WARN_ABOUT_RETURN_TYPE = YES_ERROR;
				GCC_WARN_UNDECLARED_SELECTOR = YES;
				GCC_WARN_UNINITIALIZED_AUTOS = YES_AGGRESSIVE;
				GCC_WARN_UNUSED_FUNCTION = YES;
				GCC_WARN_UNUSED_VARIABLE = YES;
				IPHONEOS_DEPLOYMENT_TARGET = 13.2;
				MTL_ENABLE_DEBUG_INFO = INCLUDE_SOURCE;
				MTL_FAST_MATH = YES;
				ONLY_ACTIVE_ARCH = YES;
				SDKROOT = iphoneos;
				SWIFT_ACTIVE_COMPILATION_CONDITIONS = DEBUG;
				SWIFT_OPTIMIZATION_LEVEL = "-Onone";
			};
			name = Debug;
		};
		31F7B6BA23DAE6030009E744 /* Release */ = {
			isa = XCBuildConfiguration;
			buildSettings = {
				ALWAYS_SEARCH_USER_PATHS = NO;
				CLANG_ANALYZER_NONNULL = YES;
				CLANG_ANALYZER_NUMBER_OBJECT_CONVERSION = YES_AGGRESSIVE;
				CLANG_CXX_LANGUAGE_STANDARD = "gnu++14";
				CLANG_CXX_LIBRARY = "libc++";
				CLANG_ENABLE_MODULES = YES;
				CLANG_ENABLE_OBJC_ARC = YES;
				CLANG_ENABLE_OBJC_WEAK = YES;
				CLANG_WARN_BLOCK_CAPTURE_AUTORELEASING = YES;
				CLANG_WARN_BOOL_CONVERSION = YES;
				CLANG_WARN_COMMA = YES;
				CLANG_WARN_CONSTANT_CONVERSION = YES;
				CLANG_WARN_DEPRECATED_OBJC_IMPLEMENTATIONS = YES;
				CLANG_WARN_DIRECT_OBJC_ISA_USAGE = YES_ERROR;
				CLANG_WARN_DOCUMENTATION_COMMENTS = YES;
				CLANG_WARN_EMPTY_BODY = YES;
				CLANG_WARN_ENUM_CONVERSION = YES;
				CLANG_WARN_INFINITE_RECURSION = YES;
				CLANG_WARN_INT_CONVERSION = YES;
				CLANG_WARN_NON_LITERAL_NULL_CONVERSION = YES;
				CLANG_WARN_OBJC_IMPLICIT_RETAIN_SELF = YES;
				CLANG_WARN_OBJC_LITERAL_CONVERSION = YES;
				CLANG_WARN_OBJC_ROOT_CLASS = YES_ERROR;
				CLANG_WARN_RANGE_LOOP_ANALYSIS = YES;
				CLANG_WARN_STRICT_PROTOTYPES = YES;
				CLANG_WARN_SUSPICIOUS_MOVE = YES;
				CLANG_WARN_UNGUARDED_AVAILABILITY = YES_AGGRESSIVE;
				CLANG_WARN_UNREACHABLE_CODE = YES;
				CLANG_WARN__DUPLICATE_METHOD_MATCH = YES;
				COPY_PHASE_STRIP = NO;
				DEBUG_INFORMATION_FORMAT = "dwarf-with-dsym";
				ENABLE_NS_ASSERTIONS = NO;
				ENABLE_STRICT_OBJC_MSGSEND = YES;
				GCC_C_LANGUAGE_STANDARD = gnu11;
				GCC_NO_COMMON_BLOCKS = YES;
				GCC_WARN_64_TO_32_BIT_CONVERSION = YES;
				GCC_WARN_ABOUT_RETURN_TYPE = YES_ERROR;
				GCC_WARN_UNDECLARED_SELECTOR = YES;
				GCC_WARN_UNINITIALIZED_AUTOS = YES_AGGRESSIVE;
				GCC_WARN_UNUSED_FUNCTION = YES;
				GCC_WARN_UNUSED_VARIABLE = YES;
				IPHONEOS_DEPLOYMENT_TARGET = 13.2;
				MTL_ENABLE_DEBUG_INFO = NO;
				MTL_FAST_MATH = YES;
				SDKROOT = iphoneos;
				SWIFT_COMPILATION_MODE = wholemodule;
				SWIFT_OPTIMIZATION_LEVEL = "-O";
				VALIDATE_PRODUCT = YES;
			};
			name = Release;
		};
		31F7B6BC23DAE6030009E744 /* Debug */ = {
			isa = XCBuildConfiguration;
			buildSettings = {
				ASSETCATALOG_COMPILER_APPICON_NAME = AppIcon;
				CODE_SIGN_STYLE = Automatic;
				INFOPLIST_FILE = SwiftAlgemeneHerhaling/Info.plist;
				LD_RUNPATH_SEARCH_PATHS = (
					"$(inherited)",
					"@executable_path/Frameworks",
				);
				PRODUCT_BUNDLE_IDENTIFIER = deloof.wouter.SwiftAlgemeneHerhaling;
				PRODUCT_NAME = "$(TARGET_NAME)";
				SWIFT_VERSION = 5.0;
				TARGETED_DEVICE_FAMILY = 1;
			};
			name = Debug;
		};
		31F7B6BD23DAE6030009E744 /* Release */ = {
			isa = XCBuildConfiguration;
			buildSettings = {
				ASSETCATALOG_COMPILER_APPICON_NAME = AppIcon;
				CODE_SIGN_STYLE = Automatic;
				INFOPLIST_FILE = SwiftAlgemeneHerhaling/Info.plist;
				LD_RUNPATH_SEARCH_PATHS = (
					"$(inherited)",
					"@executable_path/Frameworks",
				);
				PRODUCT_BUNDLE_IDENTIFIER = deloof.wouter.SwiftAlgemeneHerhaling;
				PRODUCT_NAME = "$(TARGET_NAME)";
				SWIFT_VERSION = 5.0;
				TARGETED_DEVICE_FAMILY = 1;
			};
			name = Release;
		};
/* End XCBuildConfiguration section */

/* Begin XCConfigurationList section */
		31F7B6A223DAE5FE0009E744 /* Build configuration list for PBXProject "SwiftAlgemeneHerhaling" */ = {
			isa = XCConfigurationList;
			buildConfigurations = (
				31F7B6B923DAE6030009E744 /* Debug */,
				31F7B6BA23DAE6030009E744 /* Release */,
			);
			defaultConfigurationIsVisible = 0;
			defaultConfigurationName = Release;
		};
		31F7B6BB23DAE6030009E744 /* Build configuration list for PBXNativeTarget "SwiftAlgemeneHerhaling" */ = {
			isa = XCConfigurationList;
			buildConfigurations = (
				31F7B6BC23DAE6030009E744 /* Debug */,
				31F7B6BD23DAE6030009E744 /* Release */,
			);
			defaultConfigurationIsVisible = 0;
			defaultConfigurationName = Release;
		};
/* End XCConfigurationList section */
	};
	rootObject = 31F7B69F23DAE5FE0009E744 /* Project object */;
}
